
Microsoft Visual Studio Solution File, Format Version 12.00
# Visual Studio Version 17
VisualStudioVersion = 17.4.33213.308
MinimumVisualStudioVersion = 10.0.40219.1
Project("{FAE04EC0-301F-11D3-BF4B-00C04F79EFBC}") = "RZD", "RZD\RZD.csproj", "{6A81DB89-D267-41BF-AF88-4D6CBC8B848C}"
EndProject
Global
	GlobalSection(SolutionConfigurationPlatforms) = preSolution
		Debug|Any CPU = Debug|Any CPU
		Release|Any CPU = Release|Any CPU
	EndGlobalSection
	GlobalSection(ProjectConfigurationPlatforms) = postSolution
		{6A81DB89-D267-41BF-AF88-4D6CBC8B848C}.Debug|Any CPU.ActiveCfg = Debug|Any CPU
		{6A81DB89-D267-41BF-AF88-4D6CBC8B848C}.Debug|Any CPU.Build.0 = Debug|Any CPU
		{6A81DB89-D267-41BF-AF88-4D6CBC8B848C}.Release|Any CPU.ActiveCfg = Release|Any CPU
		{6A81DB89-D267-41BF-AF88-4D6CBC8B848C}.Release|Any CPU.Build.0 = Release|Any CPU
	EndGlobalSection
	GlobalSection(SolutionProperties) = preSolution
		HideSolutionNode = FALSE
	EndGlobalSection
	GlobalSection(ExtensibilityGlobals) = postSolution
		SolutionGuid = {FC7DC7EA-347B-475D-ADCC-58AC88D1BC23}
	EndGlobalSection
EndGlobal
